
Microsoft Visual Studio Solution File, Format Version 12.00
# Visual Studio Version 16
VisualStudioVersion = 16.0.30503.244
MinimumVisualStudioVersion = 10.0.40219.1
Project("{FAE04EC0-301F-11D3-BF4B-00C04F79EFBC}") = "super hero", "super hero\super hero.csproj", "{03DBCEEF-E112-4959-8E33-2205A9314DA1}"
EndProject
Global
	GlobalSection(SolutionConfigurationPlatforms) = preSolution
		Debug|Any CPU = Debug|Any CPU
		Release|Any CPU = Release|Any CPU
	EndGlobalSection
	GlobalSection(ProjectConfigurationPlatforms) = postSolution
		{03DBCEEF-E112-4959-8E33-2205A9314DA1}.Debug|Any CPU.ActiveCfg = Debug|Any CPU
		{03DBCEEF-E112-4959-8E33-2205A9314DA1}.Debug|Any CPU.Build.0 = Debug|Any CPU
		{03DBCEEF-E112-4959-8E33-2205A9314DA1}.Release|Any CPU.ActiveCfg = Release|Any CPU
		{03DBCEEF-E112-4959-8E33-2205A9314DA1}.Release|Any CPU.Build.0 = Release|Any CPU
	EndGlobalSection
	GlobalSection(SolutionProperties) = preSolution
		HideSolutionNode = FALSE
	EndGlobalSection
	GlobalSection(ExtensibilityGlobals) = postSolution
		SolutionGuid = {ECF2B265-9503-4291-ADFE-E6379DFB8AE1}
	EndGlobalSection
EndGlobal
